// !$*UTF8*$!
{
	archiveVersion = 1;
	classes = {
	};
	objectVersion = 46;
	objects = {

/* Begin PBXBuildFile section */
		AAD752C019FF4DBF009F77AC /* main.m in Sources */ = {isa = PBXBuildFile; fileRef = AAD752BF19FF4DBF009F77AC /* main.m */; };
		AAD752C819FF5A80009F77AC /* FNSPageGenerator.m in Sources */ = {isa = PBXBuildFile; fileRef = AAD752C719FF5A80009F77AC /* FNSPageGenerator.m */; };
/* End PBXBuildFile section */

/* Begin PBXCopyFilesBuildPhase section */
		AAD752B619FF4DBF009F77AC /* CopyFiles */ = {
			isa = PBXCopyFilesBuildPhase;
			buildActionMask = 2147483647;
			dstPath = /usr/share/man/man1/;
			dstSubfolderSpec = 0;
			files = (
			);
			runOnlyForDeploymentPostprocessing = 1;
		};
/* End PBXCopyFilesBuildPhase section */

/* Begin PBXFileReference section */
		AAD752B819FF4DBF009F77AC /* fucking_nsimage_syntax */ = {isa = PBXFileReference; explicitFileType = "compiled.mach-o.executable"; includeInIndex = 0; path = fucking_nsimage_syntax; sourceTree = BUILT_PRODUCTS_DIR; };
		AAD752BE19FF4DBF009F77AC /* .gitignore */ = {isa = PBXFileReference; lastKnownFileType = text; name = .gitignore; path = ../.gitignore; sourceTree = "<group>"; };
		AAD752BF19FF4DBF009F77AC /* main.m */ = {isa = PBXFileReference; lastKnownFileType = sourcecode.c.objc; path = main.m; sourceTree = "<group>"; };
		AAD752C619FF5A80009F77AC /* FNSPageGenerator.h */ = {isa = PBXFileReference; fileEncoding = 4; lastKnownFileType = sourcecode.c.h; path = FNSPageGenerator.h; sourceTree = "<group>"; };
		AAD752C719FF5A80009F77AC /* FNSPageGenerator.m */ = {isa = PBXFileReference; fileEncoding = 4; lastKnownFileType = sourcecode.c.objc; path = FNSPageGenerator.m; sourceTree = "<group>"; };
/* End PBXFileReference section */

/* Begin PBXFrameworksBuildPhase section */
		AAD752B519FF4DBF009F77AC /* Frameworks */ = {
			isa = PBXFrameworksBuildPhase;
			buildActionMask = 2147483647;
			files = (
			);
			runOnlyForDeploymentPostprocessing = 0;
		};
/* End PBXFrameworksBuildPhase section */

/* Begin PBXGroup section */
		AAD752AF19FF4DBF009F77AC = {
			isa = PBXGroup;
			children = (
				AAD752BA19FF4DBF009F77AC /* fucking_nsimage_syntax */,
				AAD752B919FF4DBF009F77AC /* Products */,
			);
			sourceTree = "<group>";
		};
		AAD752B919FF4DBF009F77AC /* Products */ = {
			isa = PBXGroup;
			children = (
				AAD752B819FF4DBF009F77AC /* fucking_nsimage_syntax */,
			);
			name = Products;
			sourceTree = "<group>";
		};
		AAD752BA19FF4DBF009F77AC /* fucking_nsimage_syntax */ = {
			isa = PBXGroup;
			children = (
				AAD752BF19FF4DBF009F77AC /* main.m */,
				AAD752BD19FF4DBF009F77AC /* Supporting Files */,
				AAD752C619FF5A80009F77AC /* FNSPageGenerator.h */,
				AAD752C719FF5A80009F77AC /* FNSPageGenerator.m */,
			);
			path = fucking_nsimage_syntax;
			sourceTree = "<group>";
		};
		AAD752BD19FF4DBF009F77AC /* Supporting Files */ = {
			isa = PBXGroup;
			children = (
				AAD752BE19FF4DBF009F77AC /* .gitignore */,
			);
			name = "Supporting Files";
			sourceTree = "<group>";
		};
/* End PBXGroup section */

/* Begin PBXNativeTarget section */
		AAD752B719FF4DBF009F77AC /* fucking_nsimage_syntax */ = {
			isa = PBXNativeTarget;
			buildConfigurationList = AAD752C319FF4DBF009F77AC /* Build configuration list for PBXNativeTarget "fucking_nsimage_syntax" */;
			buildPhases = (
				AAD752B419FF4DBF009F77AC /* Sources */,
				AAD752B519FF4DBF009F77AC /* Frameworks */,
				AAD752B619FF4DBF009F77AC /* CopyFiles */,
			);
			buildRules = (
			);
			dependencies = (
			);
			name = fucking_nsimage_syntax;
			productName = fucking_nsimage_syntax;
			productReference = AAD752B819FF4DBF009F77AC /* fucking_nsimage_syntax */;
			productType = "com.apple.product-type.tool";
		};
/* End PBXNativeTarget section */

/* Begin PBXProject section */
		AAD752B019FF4DBF009F77AC /* Project object */ = {
			isa = PBXProject;
			attributes = {
				LastUpgradeCheck = 0610;
				ORGANIZATIONNAME = hetima;
				TargetAttributes = {
					AAD752B719FF4DBF009F77AC = {
						CreatedOnToolsVersion = 6.1;
					};
				};
			};
			buildConfigurationList = AAD752B319FF4DBF009F77AC /* Build configuration list for PBXProject "fucking_nsimage_syntax" */;
			compatibilityVersion = "Xcode 3.2";
			developmentRegion = English;
			hasScannedForEncodings = 0;
			knownRegions = (
				en,
			);
			mainGroup = AAD752AF19FF4DBF009F77AC;
			productRefGroup = AAD752B919FF4DBF009F77AC /* Products */;
			projectDirPath = "";
			projectRoot = "";
			targets = (
				AAD752B719FF4DBF009F77AC /* fucking_nsimage_syntax */,
			);
		};
/* End PBXProject section */

/* Begin PBXSourcesBuildPhase section */
		AAD752B419FF4DBF009F77AC /* Sources */ = {
			isa = PBXSourcesBuildPhase;
			buildActionMask = 2147483647;
			files = (
				AAD752C819FF5A80009F77AC /* FNSPageGenerator.m in Sources */,
				AAD752C019FF4DBF009F77AC /* main.m in Sources */,
			);
			runOnlyForDeploymentPostprocessing = 0;
		};
/* End PBXSourcesBuildPhase section */

/* Begin XCBuildConfiguration section */
		AAD752C119FF4DBF009F77AC /* Debug */ = {
			isa = XCBuildConfiguration;
			buildSettings = {
				ALWAYS_SEARCH_USER_PATHS = NO;
				CLANG_CXX_LANGUAGE_STANDARD = "gnu++0x";
				CLANG_CXX_LIBRARY = "libc++";
				CLANG_ENABLE_MODULES = YES;
				CLANG_ENABLE_OBJC_ARC = YES;
				CLANG_WARN_BOOL_CONVERSION = YES;
				CLANG_WARN_CONSTANT_CONVERSION = YES;
				CLANG_WARN_DIRECT_OBJC_ISA_USAGE = YES_ERROR;
				CLANG_WARN_EMPTY_BODY = YES;
				CLANG_WARN_ENUM_CONVERSION = YES;
				CLANG_WARN_INT_CONVERSION = YES;
				CLANG_WARN_OBJC_ROOT_CLASS = YES_ERROR;
				CLANG_WARN_UNREACHABLE_CODE = YES;
				CLANG_WARN__DUPLICATE_METHOD_MATCH = YES;
				COPY_PHASE_STRIP = NO;
				ENABLE_STRICT_OBJC_MSGSEND = YES;
				GCC_C_LANGUAGE_STANDARD = gnu99;
				GCC_DYNAMIC_NO_PIC = NO;
				GCC_OPTIMIZATION_LEVEL = 0;
				GCC_PREPROCESSOR_DEFINITIONS = (
					"DEBUG=1",
					"$(inherited)",
				);
				GCC_SYMBOLS_PRIVATE_EXTERN = NO;
				GCC_WARN_64_TO_32_BIT_CONVERSION = YES;
				GCC_WARN_ABOUT_RETURN_TYPE = YES_ERROR;
				GCC_WARN_UNDECLARED_SELECTOR = YES;
				GCC_WARN_UNINITIALIZED_AUTOS = YES_AGGRESSIVE;
				GCC_WARN_UNUSED_FUNCTION = YES;
				GCC_WARN_UNUSED_VARIABLE = YES;
				MACOSX_DEPLOYMENT_TARGET = 10.10;
				MTL_ENABLE_DEBUG_INFO = YES;
				ONLY_ACTIVE_ARCH = YES;
				SDKROOT = macosx;
			};
			name = Debug;
		};
		AAD752C219FF4DBF009F77AC /* Release */ = {
			isa = XCBuildConfiguration;
			buildSettings = {
				ALWAYS_SEARCH_USER_PATHS = NO;
				CLANG_CXX_LANGUAGE_STANDARD = "gnu++0x";
				CLANG_CXX_LIBRARY = "libc++";
				CLANG_ENABLE_MODULES = YES;
				CLANG_ENABLE_OBJC_ARC = YES;
				CLANG_WARN_BOOL_CONVERSION = YES;
				CLANG_WARN_CONSTANT_CONVERSION = YES;
				CLANG_WARN_DIRECT_OBJC_ISA_USAGE = YES_ERROR;
				CLANG_WARN_EMPTY_BODY = YES;
				CLANG_WARN_ENUM_CONVERSION = YES;
				CLANG_WARN_INT_CONVERSION = YES;
				CLANG_WARN_OBJC_ROOT_CLASS = YES_ERROR;
				CLANG_WARN_UNREACHABLE_CODE = YES;
				CLANG_WARN__DUPLICATE_METHOD_MATCH = YES;
				COPY_PHASE_STRIP = YES;
				DEBUG_INFORMATION_FORMAT = "dwarf-with-dsym";
				ENABLE_NS_ASSERTIONS = NO;
				ENABLE_STRICT_OBJC_MSGSEND = YES;
				GCC_C_LANGUAGE_STANDARD = gnu99;
				GCC_WARN_64_TO_32_BIT_CONVERSION = YES;
				GCC_WARN_ABOUT_RETURN_TYPE = YES_ERROR;
				GCC_WARN_UNDECLARED_SELECTOR = YES;
				GCC_WARN_UNINITIALIZED_AUTOS = YES_AGGRESSIVE;
				GCC_WARN_UNUSED_FUNCTION = YES;
				GCC_WARN_UNUSED_VARIABLE = YES;
				MACOSX_DEPLOYMENT_TARGET = 10.10;
				MTL_ENABLE_DEBUG_INFO = NO;
				SDKROOT = macosx;
			};
			name = Release;
		};
		AAD752C419FF4DBF009F77AC /* Debug */ = {
			isa = XCBuildConfiguration;
			buildSettings = {
				PRODUCT_NAME = "$(TARGET_NAME)";
			};
			name = Debug;
		};
		AAD752C519FF4DBF009F77AC /* Release */ = {
			isa = XCBuildConfiguration;
			buildSettings = {
				PRODUCT_NAME = "$(TARGET_NAME)";
			};
			name = Release;
		};
/* End XCBuildConfiguration section */

/* Begin XCConfigurationList section */
		AAD752B319FF4DBF009F77AC /* Build configuration list for PBXProject "fucking_nsimage_syntax" */ = {
			isa = XCConfigurationList;
			buildConfigurations = (
				AAD752C119FF4DBF009F77AC /* Debug */,
				AAD752C219FF4DBF009F77AC /* Release */,
			);
			defaultConfigurationIsVisible = 0;
			defaultConfigurationName = Release;
		};
		AAD752C319FF4DBF009F77AC /* Build configuration list for PBXNativeTarget "fucking_nsimage_syntax" */ = {
			isa = XCConfigurationList;
			buildConfigurations = (
				AAD752C419FF4DBF009F77AC /* Debug */,
				AAD752C519FF4DBF009F77AC /* Release */,
			);
			defaultConfigurationIsVisible = 0;
		};
/* End XCConfigurationList section */
	};
	rootObject = AAD752B019FF4DBF009F77AC /* Project object */;
}
